{
  "name": "HFUTGo",
  "version": "1.0.0",
  "lockfileVersion": 2,
  "requires": true,
  "packages": {
    "": {
      "version": "1.0.0",
      "license": "ISC",
      "dependencies": {
        "@nuintun/qrcode": "^3.0.1",
        "lodash": "^4.17.21"
      }
    },
    "node_modules/@nuintun/qrcode": {
      "version": "3.0.1",
      "resolved": "https://registry.npm.taobao.org/@nuintun/qrcode/download/@nuintun/qrcode-3.0.1.tgz",
      "integrity": "sha1-KcH2dVKILFQtljihMmUKNy5LLVs=",
      "dependencies": {
        "tslib": "^2.0.1"
      }
    },
    "node_modules/lodash": {
      "version": "4.17.21",
      "resolved": "https://registry.npm.taobao.org/lodash/download/lodash-4.17.21.tgz",
      "integrity": "sha1-Z5WRxWTDv/quhFTPCz3zcMPWkRw="
    },
    "node_modules/tslib": {
      "version": "2.2.0",
      "resolved": "https://registry.npm.taobao.org/tslib/download/tslib-2.2.0.tgz",
      "integrity": "sha1-+yxHWXfjXiQTEe3iaTzuHsZpj1w="
    }
  },
  "dependencies": {
    "@nuintun/qrcode": {
      "version": "3.0.1",
      "resolved": "https://registry.npm.taobao.org/@nuintun/qrcode/download/@nuintun/qrcode-3.0.1.tgz",
      "integrity": "sha1-KcH2dVKILFQtljihMmUKNy5LLVs=",
      "requires": {
        "tslib": "^2.0.1"
      }
    },
    "lodash": {
      "version": "4.17.21",
      "resolved": "https://registry.npm.taobao.org/lodash/download/lodash-4.17.21.tgz",
      "integrity": "sha1-Z5WRxWTDv/quhFTPCz3zcMPWkRw="
    },
    "tslib": {
      "version": "2.2.0",
      "resolved": "https://registry.npm.taobao.org/tslib/download/tslib-2.2.0.tgz",
      "integrity": "sha1-+yxHWXfjXiQTEe3iaTzuHsZpj1w="
    }
  }
}
